
Microsoft Visual Studio Solution File, Format Version 12.00
# Visual Studio Version 16
VisualStudioVersion = 16.0.30804.86
MinimumVisualStudioVersion = 10.0.40219.1
Project("{FAE04EC0-301F-11D3-BF4B-00C04F79EFBC}") = "chkBoxSnippet", "chkBoxSnippet.csproj", "{E92D713B-999C-444D-A52A-0FD3BE28B6ED}"
EndProject
Global
	GlobalSection(SolutionConfigurationPlatforms) = preSolution
		Debug|Any CPU = Debug|Any CPU
		Release|Any CPU = Release|Any CPU
	EndGlobalSection
	GlobalSection(ProjectConfigurationPlatforms) = postSolution
		{E92D713B-999C-444D-A52A-0FD3BE28B6ED}.Debug|Any CPU.ActiveCfg = Debug|Any CPU
		{E92D713B-999C-444D-A52A-0FD3BE28B6ED}.Debug|Any CPU.Build.0 = Debug|Any CPU
		{E92D713B-999C-444D-A52A-0FD3BE28B6ED}.Release|Any CPU.ActiveCfg = Release|Any CPU
		{E92D713B-999C-444D-A52A-0FD3BE28B6ED}.Release|Any CPU.Build.0 = Release|Any CPU
	EndGlobalSection
	GlobalSection(SolutionProperties) = preSolution
		HideSolutionNode = FALSE
	EndGlobalSection
	GlobalSection(ExtensibilityGlobals) = postSolution
		SolutionGuid = {C524D563-2C0E-4C07-97B0-31A9CB21AB95}
	EndGlobalSection
EndGlobal
